
Microsoft Visual Studio Solution File, Format Version 12.00
# Visual Studio 2015
Project("{FAE04EC0-301F-11D3-BF4B-00C04F79EFBC}") = "Curso_Unity.CSharp", "Curso_Unity.CSharp.csproj", "{15B55E74-B600-1E87-8C2F-48FBD7FB9C5D}"
EndProject
Global
	GlobalSection(SolutionConfigurationPlatforms) = preSolution
		Debug|Any CPU = Debug|Any CPU
		Release|Any CPU = Release|Any CPU
	EndGlobalSection
	GlobalSection(ProjectConfigurationPlatforms) = postSolution
		{15B55E74-B600-1E87-8C2F-48FBD7FB9C5D}.Debug|Any CPU.ActiveCfg = Debug|Any CPU
		{15B55E74-B600-1E87-8C2F-48FBD7FB9C5D}.Debug|Any CPU.Build.0 = Debug|Any CPU
		{15B55E74-B600-1E87-8C2F-48FBD7FB9C5D}.Release|Any CPU.ActiveCfg = Release|Any CPU
		{15B55E74-B600-1E87-8C2F-48FBD7FB9C5D}.Release|Any CPU.Build.0 = Release|Any CPU
	EndGlobalSection
	GlobalSection(SolutionProperties) = preSolution
		HideSolutionNode = FALSE
	EndGlobalSection
EndGlobal
